
Microsoft Visual Studio Solution File, Format Version 12.00
# Visual Studio 2012
Project("{2150E333-8FDC-42A3-9474-1A3956D46DE8}") = "Solution Items", "Solution Items", "{5A293D34-5F7B-4D8B-9A2D-5DE368813B51}"
	ProjectSection(SolutionItems) = preProject
		.gitignore = .gitignore
		build.bat = build.bat
		buildvars.bat = buildvars.bat
		rakefile = rakefile
	EndProjectSection
EndProject
Project("{FAE04EC0-301F-11D3-BF4B-00C04F79EFBC}") = "WpfControls", "WpfControls\WpfControls.csproj", "{2EB71748-E61A-42E7-8AA7-E5BC10B85706}"
EndProject
Project("{FAE04EC0-301F-11D3-BF4B-00C04F79EFBC}") = "ExcelAddIn", "ExcelAddIn\ExcelAddIn.csproj", "{58E77423-D9F6-49D4-9B2E-5537C206E6C0}"
EndProject
Project("{2150E333-8FDC-42A3-9474-1A3956D46DE8}") = ".nuget", ".nuget", "{F7DC6EE8-98BA-4710-8A59-1D6CB000B4CF}"
	ProjectSection(SolutionItems) = preProject
		.nuget\NuGet.Config = .nuget\NuGet.Config
		.nuget\NuGet.exe = .nuget\NuGet.exe
		.nuget\NuGet.targets = .nuget\NuGet.targets
	EndProjectSection
EndProject
Project("{6141683F-8A12-4E36-9623-2EB02B2C2303}") = "Setup", "Setup\Setup.isproj", "{B248138C-3ABC-4682-B8E4-AF56A3BE34A6}"
EndProject
Global
	GlobalSection(SolutionConfigurationPlatforms) = preSolution
		CD_ROM|Any CPU = CD_ROM|Any CPU
		Debug|Any CPU = Debug|Any CPU
		DVD-5|Any CPU = DVD-5|Any CPU
		Release|Any CPU = Release|Any CPU
		SingleImage|Any CPU = SingleImage|Any CPU
	EndGlobalSection
	GlobalSection(ProjectConfigurationPlatforms) = postSolution
		{2EB71748-E61A-42E7-8AA7-E5BC10B85706}.CD_ROM|Any CPU.ActiveCfg = Release|Any CPU
		{2EB71748-E61A-42E7-8AA7-E5BC10B85706}.CD_ROM|Any CPU.Build.0 = Release|Any CPU
		{2EB71748-E61A-42E7-8AA7-E5BC10B85706}.Debug|Any CPU.ActiveCfg = Debug|Any CPU
		{2EB71748-E61A-42E7-8AA7-E5BC10B85706}.Debug|Any CPU.Build.0 = Debug|Any CPU
		{2EB71748-E61A-42E7-8AA7-E5BC10B85706}.DVD-5|Any CPU.ActiveCfg = Debug|Any CPU
		{2EB71748-E61A-42E7-8AA7-E5BC10B85706}.DVD-5|Any CPU.Build.0 = Debug|Any CPU
		{2EB71748-E61A-42E7-8AA7-E5BC10B85706}.Release|Any CPU.ActiveCfg = Release|Any CPU
		{2EB71748-E61A-42E7-8AA7-E5BC10B85706}.Release|Any CPU.Build.0 = Release|Any CPU
		{2EB71748-E61A-42E7-8AA7-E5BC10B85706}.SingleImage|Any CPU.ActiveCfg = Release|Any CPU
		{2EB71748-E61A-42E7-8AA7-E5BC10B85706}.SingleImage|Any CPU.Build.0 = Release|Any CPU
		{58E77423-D9F6-49D4-9B2E-5537C206E6C0}.CD_ROM|Any CPU.ActiveCfg = Release|Any CPU
		{58E77423-D9F6-49D4-9B2E-5537C206E6C0}.CD_ROM|Any CPU.Build.0 = Release|Any CPU
		{58E77423-D9F6-49D4-9B2E-5537C206E6C0}.Debug|Any CPU.ActiveCfg = Debug|Any CPU
		{58E77423-D9F6-49D4-9B2E-5537C206E6C0}.Debug|Any CPU.Build.0 = Debug|Any CPU
		{58E77423-D9F6-49D4-9B2E-5537C206E6C0}.DVD-5|Any CPU.ActiveCfg = Debug|Any CPU
		{58E77423-D9F6-49D4-9B2E-5537C206E6C0}.DVD-5|Any CPU.Build.0 = Debug|Any CPU
		{58E77423-D9F6-49D4-9B2E-5537C206E6C0}.Release|Any CPU.ActiveCfg = Release|Any CPU
		{58E77423-D9F6-49D4-9B2E-5537C206E6C0}.Release|Any CPU.Build.0 = Release|Any CPU
		{58E77423-D9F6-49D4-9B2E-5537C206E6C0}.SingleImage|Any CPU.ActiveCfg = Release|Any CPU
		{58E77423-D9F6-49D4-9B2E-5537C206E6C0}.SingleImage|Any CPU.Build.0 = Release|Any CPU
		{B248138C-3ABC-4682-B8E4-AF56A3BE34A6}.CD_ROM|Any CPU.ActiveCfg = CD_ROM
		{B248138C-3ABC-4682-B8E4-AF56A3BE34A6}.CD_ROM|Any CPU.Build.0 = CD_ROM
		{B248138C-3ABC-4682-B8E4-AF56A3BE34A6}.Debug|Any CPU.ActiveCfg = DVD-5
		{B248138C-3ABC-4682-B8E4-AF56A3BE34A6}.Debug|Any CPU.Build.0 = DVD-5
		{B248138C-3ABC-4682-B8E4-AF56A3BE34A6}.DVD-5|Any CPU.ActiveCfg = DVD-5
		{B248138C-3ABC-4682-B8E4-AF56A3BE34A6}.DVD-5|Any CPU.Build.0 = DVD-5
		{B248138C-3ABC-4682-B8E4-AF56A3BE34A6}.Release|Any CPU.ActiveCfg = SingleImage
		{B248138C-3ABC-4682-B8E4-AF56A3BE34A6}.Release|Any CPU.Build.0 = SingleImage
		{B248138C-3ABC-4682-B8E4-AF56A3BE34A6}.SingleImage|Any CPU.ActiveCfg = SingleImage
		{B248138C-3ABC-4682-B8E4-AF56A3BE34A6}.SingleImage|Any CPU.Build.0 = SingleImage
	EndGlobalSection
	GlobalSection(SolutionProperties) = preSolution
		HideSolutionNode = FALSE
	EndGlobalSection
EndGlobal
