
Microsoft Visual Studio Solution File, Format Version 11.00
# Visual Studio 2010
Project("{FAE04EC0-301F-11D3-BF4B-00C04F79EFBC}") = "WpfControls", "WpfControls\WpfControls.csproj", "{2EB71748-E61A-42E7-8AA7-E5BC10B85706}"
EndProject
Project("{FAE04EC0-301F-11D3-BF4B-00C04F79EFBC}") = "ExcelAddIn", "ExcelAddIn\ExcelAddIn.csproj", "{58E77423-D9F6-49D4-9B2E-5537C206E6C0}"
EndProject
Project("{B373B46A-B089-44D7-96CA-CD150D098BC8}") = "spec", "spec\spec.rbproj", "{211C77DC-1635-4F09-AFDF-F99EEBF5E4F1}"
EndProject
Project("{2150E333-8FDC-42A3-9474-1A3956D46DE8}") = "Solution Items", "Solution Items", "{5A293D34-5F7B-4D8B-9A2D-5DE368813B51}"
	ProjectSection(SolutionItems) = preProject
		.gitignore = .gitignore
		build.bat = build.bat
		buildvars.bat = buildvars.bat
		rakefile = rakefile
	EndProjectSection
EndProject
Project("{54435603-DBB4-11D2-8724-00A0C9A8B90C}") = "Setup", "Setup\Setup.vdproj", "{8E9D1F18-AC43-4E05-B508-B654707FA9E9}"
EndProject
Global
	GlobalSection(SolutionConfigurationPlatforms) = preSolution
		Debug|Any CPU = Debug|Any CPU
		Release|Any CPU = Release|Any CPU
	EndGlobalSection
	GlobalSection(ProjectConfigurationPlatforms) = postSolution
		{2EB71748-E61A-42E7-8AA7-E5BC10B85706}.Debug|Any CPU.ActiveCfg = Debug|Any CPU
		{2EB71748-E61A-42E7-8AA7-E5BC10B85706}.Debug|Any CPU.Build.0 = Debug|Any CPU
		{2EB71748-E61A-42E7-8AA7-E5BC10B85706}.Release|Any CPU.ActiveCfg = Release|Any CPU
		{2EB71748-E61A-42E7-8AA7-E5BC10B85706}.Release|Any CPU.Build.0 = Release|Any CPU
		{58E77423-D9F6-49D4-9B2E-5537C206E6C0}.Debug|Any CPU.ActiveCfg = Debug|Any CPU
		{58E77423-D9F6-49D4-9B2E-5537C206E6C0}.Debug|Any CPU.Build.0 = Debug|Any CPU
		{58E77423-D9F6-49D4-9B2E-5537C206E6C0}.Release|Any CPU.ActiveCfg = Release|Any CPU
		{58E77423-D9F6-49D4-9B2E-5537C206E6C0}.Release|Any CPU.Build.0 = Release|Any CPU
		{211C77DC-1635-4F09-AFDF-F99EEBF5E4F1}.Debug|Any CPU.ActiveCfg = Debug|Any CPU
		{211C77DC-1635-4F09-AFDF-F99EEBF5E4F1}.Release|Any CPU.ActiveCfg = Release|Any CPU
		{8E9D1F18-AC43-4E05-B508-B654707FA9E9}.Debug|Any CPU.ActiveCfg = Debug
		{8E9D1F18-AC43-4E05-B508-B654707FA9E9}.Release|Any CPU.ActiveCfg = Release
	EndGlobalSection
	GlobalSection(SolutionProperties) = preSolution
		HideSolutionNode = FALSE
	EndGlobalSection
EndGlobal
